
Microsoft Visual Studio Solution File, Format Version 12.00
# Visual Studio Version 17
VisualStudioVersion = 17.4.33205.214
MinimumVisualStudioVersion = 10.0.40219.1
Project("{FAE04EC0-301F-11D3-BF4B-00C04F79EFBC}") = "ConsoleApp1", "ConsoleApp1\ConsoleApp1.csproj", "{8CC0DF9E-B41F-4F43-9525-C78245E5BD5D}"
EndProject
Global
	GlobalSection(SolutionConfigurationPlatforms) = preSolution
		Debug|Any CPU = Debug|Any CPU
		Release|Any CPU = Release|Any CPU
	EndGlobalSection
	GlobalSection(ProjectConfigurationPlatforms) = postSolution
		{8CC0DF9E-B41F-4F43-9525-C78245E5BD5D}.Debug|Any CPU.ActiveCfg = Debug|Any CPU
		{8CC0DF9E-B41F-4F43-9525-C78245E5BD5D}.Debug|Any CPU.Build.0 = Debug|Any CPU
		{8CC0DF9E-B41F-4F43-9525-C78245E5BD5D}.Release|Any CPU.ActiveCfg = Release|Any CPU
		{8CC0DF9E-B41F-4F43-9525-C78245E5BD5D}.Release|Any CPU.Build.0 = Release|Any CPU
	EndGlobalSection
	GlobalSection(SolutionProperties) = preSolution
		HideSolutionNode = FALSE
	EndGlobalSection
	GlobalSection(ExtensibilityGlobals) = postSolution
		SolutionGuid = {39383A52-58A2-444B-B19C-818747FE227D}
	EndGlobalSection
EndGlobal
